
Microsoft Visual Studio Solution File, Format Version 12.00
# Visual Studio 14
VisualStudioVersion = 14.0.25420.1
MinimumVisualStudioVersion = 10.0.40219.1
Project("{F2A71F9B-5D33-465A-A702-920D77279786}") = "AmazonTracker.WebScraper", "AmazonTracker.Console\AmazonTracker.WebScraper.fsproj", "{1B17C089-EEB7-4BDA-9AC9-8291C5AE0FEA}"
EndProject
Project("{FAE04EC0-301F-11D3-BF4B-00C04F79EFBC}") = "AmazonTracker.Console", "ConsoleApplication1\AmazonTracker.Console.csproj", "{29C41732-74DB-4162-88A3-EA20783CF3F0}"
EndProject
Global
	GlobalSection(SolutionConfigurationPlatforms) = preSolution
		Debug|Any CPU = Debug|Any CPU
		Release|Any CPU = Release|Any CPU
	EndGlobalSection
	GlobalSection(ProjectConfigurationPlatforms) = postSolution
		{1B17C089-EEB7-4BDA-9AC9-8291C5AE0FEA}.Debug|Any CPU.ActiveCfg = Debug|Any CPU
		{1B17C089-EEB7-4BDA-9AC9-8291C5AE0FEA}.Debug|Any CPU.Build.0 = Debug|Any CPU
		{1B17C089-EEB7-4BDA-9AC9-8291C5AE0FEA}.Release|Any CPU.ActiveCfg = Release|Any CPU
		{1B17C089-EEB7-4BDA-9AC9-8291C5AE0FEA}.Release|Any CPU.Build.0 = Release|Any CPU
		{29C41732-74DB-4162-88A3-EA20783CF3F0}.Debug|Any CPU.ActiveCfg = Debug|Any CPU
		{29C41732-74DB-4162-88A3-EA20783CF3F0}.Debug|Any CPU.Build.0 = Debug|Any CPU
		{29C41732-74DB-4162-88A3-EA20783CF3F0}.Release|Any CPU.ActiveCfg = Release|Any CPU
		{29C41732-74DB-4162-88A3-EA20783CF3F0}.Release|Any CPU.Build.0 = Release|Any CPU
	EndGlobalSection
	GlobalSection(SolutionProperties) = preSolution
		HideSolutionNode = FALSE
	EndGlobalSection
EndGlobal
